Microsoft Visual Studio Solution File, Format Version 12.00
# Visual Studio 15
VisualStudioVersion = 15.0.26430.12
MinimumVisualStudioVersion = 10.0.40219.1
Project("{FAE04EC0-301F-11D3-BF4B-00C04F79EFBC}") = "Platform", "platform\platform.csproj", "{21FFE726-4EEE-4512-9539-E8735D8A655C}"
EndProject
Project("{FAE04EC0-301F-11D3-BF4B-00C04F79EFBC}") = "platform.Tests", "platform.Tests\platform.Tests.csproj", "{7225EB1D-0729-48F6-B5F9-853E8C76D172}"
EndProject
Project("{2150E333-8FDC-42A3-9474-1A3956D46DE8}") = "Libraries", "Libraries", "{A68C3958-1A2E-4565-BC07-DB2895160CAD}"
EndProject
Project("{FAE04EC0-301F-11D3-BF4B-00C04F79EFBC}") = "Core", "Core\Core.csproj", "{D093EB82-A7C5-4201-A333-80FD0AA2262A}"
EndProject
Project("{FAE04EC0-301F-11D3-BF4B-00C04F79EFBC}") = "Services", "Services\Services.csproj", "{92A7478D-F16E-49B3-8913-92472D5962F2}"
EndProject
Project("{FAE04EC0-301F-11D3-BF4B-00C04F79EFBC}") = "Data", "Data\Data.csproj", "{F242B3DA-D0AB-4021-8EA5-7FD22E339405}"
EndProject
Global
	GlobalSection(SolutionConfigurationPlatforms) = preSolution
		Debug|Any CPU = Debug|Any CPU
		Release|Any CPU = Release|Any CPU
	EndGlobalSection
	GlobalSection(ProjectConfigurationPlatforms) = postSolution
		{21FFE726-4EEE-4512-9539-E8735D8A655C}.Debug|Any CPU.ActiveCfg = Debug|Any CPU
		{21FFE726-4EEE-4512-9539-E8735D8A655C}.Debug|Any CPU.Build.0 = Debug|Any CPU
		{21FFE726-4EEE-4512-9539-E8735D8A655C}.Release|Any CPU.ActiveCfg = Release|Any CPU
		{21FFE726-4EEE-4512-9539-E8735D8A655C}.Release|Any CPU.Build.0 = Release|Any CPU
		{7225EB1D-0729-48F6-B5F9-853E8C76D172}.Debug|Any CPU.ActiveCfg = Debug|Any CPU
		{7225EB1D-0729-48F6-B5F9-853E8C76D172}.Debug|Any CPU.Build.0 = Debug|Any CPU
		{7225EB1D-0729-48F6-B5F9-853E8C76D172}.Release|Any CPU.ActiveCfg = Release|Any CPU
		{7225EB1D-0729-48F6-B5F9-853E8C76D172}.Release|Any CPU.Build.0 = Release|Any CPU
		{D093EB82-A7C5-4201-A333-80FD0AA2262A}.Debug|Any CPU.ActiveCfg = Debug|Any CPU
		{D093EB82-A7C5-4201-A333-80FD0AA2262A}.Debug|Any CPU.Build.0 = Debug|Any CPU
		{D093EB82-A7C5-4201-A333-80FD0AA2262A}.Release|Any CPU.ActiveCfg = Release|Any CPU
		{D093EB82-A7C5-4201-A333-80FD0AA2262A}.Release|Any CPU.Build.0 = Release|Any CPU
		{92A7478D-F16E-49B3-8913-92472D5962F2}.Debug|Any CPU.ActiveCfg = Debug|Any CPU
		{92A7478D-F16E-49B3-8913-92472D5962F2}.Debug|Any CPU.Build.0 = Debug|Any CPU
		{92A7478D-F16E-49B3-8913-92472D5962F2}.Release|Any CPU.ActiveCfg = Release|Any CPU
		{92A7478D-F16E-49B3-8913-92472D5962F2}.Release|Any CPU.Build.0 = Release|Any CPU
		{F242B3DA-D0AB-4021-8EA5-7FD22E339405}.Debug|Any CPU.ActiveCfg = Debug|Any CPU
		{F242B3DA-D0AB-4021-8EA5-7FD22E339405}.Debug|Any CPU.Build.0 = Debug|Any CPU
		{F242B3DA-D0AB-4021-8EA5-7FD22E339405}.Release|Any CPU.ActiveCfg = Release|Any CPU
		{F242B3DA-D0AB-4021-8EA5-7FD22E339405}.Release|Any CPU.Build.0 = Release|Any CPU
	EndGlobalSection
	GlobalSection(SolutionProperties) = preSolution
		HideSolutionNode = FALSE
	EndGlobalSection
	GlobalSection(NestedProjects) = preSolution
		{D093EB82-A7C5-4201-A333-80FD0AA2262A} = {A68C3958-1A2E-4565-BC07-DB2895160CAD}
		{92A7478D-F16E-49B3-8913-92472D5962F2} = {A68C3958-1A2E-4565-BC07-DB2895160CAD}
		{F242B3DA-D0AB-4021-8EA5-7FD22E339405} = {A68C3958-1A2E-4565-BC07-DB2895160CAD}
	EndGlobalSection
EndGlobal
