Microsoft Visual Studio Solution File, Format Version 12.00
# Visual Studio 15
VisualStudioVersion = 15.0.26430.12
MinimumVisualStudioVersion = 10.0.40219.1
Project("{FAE04EC0-301F-11D3-BF4B-00C04F79EFBC}") = "platform", "platform\platform.csproj", "{21FFE726-4EEE-4512-9539-E8735D8A655C}"
EndProject
Project("{FAE04EC0-301F-11D3-BF4B-00C04F79EFBC}") = "platform.Tests", "platform.Tests\platform.Tests.csproj", "{7225EB1D-0729-48F6-B5F9-853E8C76D172}"
EndProject
Project("{2150E333-8FDC-42A3-9474-1A3956D46DE8}") = "Libraries", "Libraries", "{A68C3958-1A2E-4565-BC07-DB2895160CAD}"
EndProject
Project("{FAE04EC0-301F-11D3-BF4B-00C04F79EFBC}") = "Core", "Libraries\Core\Core.csproj", "{0F0BA822-8D12-40E2-89A3-CF8088931AA8}"
EndProject
Project("{FAE04EC0-301F-11D3-BF4B-00C04F79EFBC}") = "Data", "Libraries\Data\Data.csproj", "{B4B6828F-40D9-462A-BEDB-490C3AE51F19}"
EndProject
Project("{FAE04EC0-301F-11D3-BF4B-00C04F79EFBC}") = "Service", "Libraries\Service\Service.csproj", "{9A16BDB8-DA56-4239-9A38-7E3C286F44BC}"
EndProject
Global
	GlobalSection(SolutionConfigurationPlatforms) = preSolution
		Debug|Any CPU = Debug|Any CPU
		Release|Any CPU = Release|Any CPU
	EndGlobalSection
	GlobalSection(ProjectConfigurationPlatforms) = postSolution
		{21FFE726-4EEE-4512-9539-E8735D8A655C}.Debug|Any CPU.ActiveCfg = Debug|Any CPU
		{21FFE726-4EEE-4512-9539-E8735D8A655C}.Debug|Any CPU.Build.0 = Debug|Any CPU
		{21FFE726-4EEE-4512-9539-E8735D8A655C}.Release|Any CPU.ActiveCfg = Release|Any CPU
		{21FFE726-4EEE-4512-9539-E8735D8A655C}.Release|Any CPU.Build.0 = Release|Any CPU
		{7225EB1D-0729-48F6-B5F9-853E8C76D172}.Debug|Any CPU.ActiveCfg = Debug|Any CPU
		{7225EB1D-0729-48F6-B5F9-853E8C76D172}.Debug|Any CPU.Build.0 = Debug|Any CPU
		{7225EB1D-0729-48F6-B5F9-853E8C76D172}.Release|Any CPU.ActiveCfg = Release|Any CPU
		{7225EB1D-0729-48F6-B5F9-853E8C76D172}.Release|Any CPU.Build.0 = Release|Any CPU
		{0F0BA822-8D12-40E2-89A3-CF8088931AA8}.Debug|Any CPU.ActiveCfg = Debug|Any CPU
		{0F0BA822-8D12-40E2-89A3-CF8088931AA8}.Debug|Any CPU.Build.0 = Debug|Any CPU
		{0F0BA822-8D12-40E2-89A3-CF8088931AA8}.Release|Any CPU.ActiveCfg = Release|Any CPU
		{0F0BA822-8D12-40E2-89A3-CF8088931AA8}.Release|Any CPU.Build.0 = Release|Any CPU
		{B4B6828F-40D9-462A-BEDB-490C3AE51F19}.Debug|Any CPU.ActiveCfg = Debug|Any CPU
		{B4B6828F-40D9-462A-BEDB-490C3AE51F19}.Debug|Any CPU.Build.0 = Debug|Any CPU
		{B4B6828F-40D9-462A-BEDB-490C3AE51F19}.Release|Any CPU.ActiveCfg = Release|Any CPU
		{B4B6828F-40D9-462A-BEDB-490C3AE51F19}.Release|Any CPU.Build.0 = Release|Any CPU
		{9A16BDB8-DA56-4239-9A38-7E3C286F44BC}.Debug|Any CPU.ActiveCfg = Debug|Any CPU
		{9A16BDB8-DA56-4239-9A38-7E3C286F44BC}.Debug|Any CPU.Build.0 = Debug|Any CPU
		{9A16BDB8-DA56-4239-9A38-7E3C286F44BC}.Release|Any CPU.ActiveCfg = Release|Any CPU
		{9A16BDB8-DA56-4239-9A38-7E3C286F44BC}.Release|Any CPU.Build.0 = Release|Any CPU
	EndGlobalSection
	GlobalSection(SolutionProperties) = preSolution
		HideSolutionNode = FALSE
	EndGlobalSection
	GlobalSection(NestedProjects) = preSolution
		{0F0BA822-8D12-40E2-89A3-CF8088931AA8} = {A68C3958-1A2E-4565-BC07-DB2895160CAD}
		{B4B6828F-40D9-462A-BEDB-490C3AE51F19} = {A68C3958-1A2E-4565-BC07-DB2895160CAD}
		{9A16BDB8-DA56-4239-9A38-7E3C286F44BC} = {A68C3958-1A2E-4565-BC07-DB2895160CAD}
	EndGlobalSection
EndGlobal
